
Microsoft Visual Studio Solution File, Format Version 12.00
# Visual Studio Version 16
VisualStudioVersion = 16.0.30309.148
MinimumVisualStudioVersion = 10.0.40219.1
Project("{FAE04EC0-301F-11D3-BF4B-00C04F79EFBC}") = "TAdherence.UWP", "TAdherence.UWP\TAdherence.UWP.csproj", "{942482B0-D0EF-40B9-88ED-A703E9A0616A}"
EndProject
Project("{FAE04EC0-301F-11D3-BF4B-00C04F79EFBC}") = "TAdherence.Android", "TAdherence.Android\TAdherence.Android.csproj", "{7A9F9CC8-341B-49DB-8D62-D036166F2324}"
EndProject
Project("{FAE04EC0-301F-11D3-BF4B-00C04F79EFBC}") = "TAdherence.iOS", "TAdherence.iOS\TAdherence.iOS.csproj", "{9E5CCCCA-99E7-41C1-B807-8FDF81E62E5D}"
EndProject
Project("{9A19103F-16F7-4668-BE54-9A1E7A4F7556}") = "TAdherence", "TAdherence\TAdherence.csproj", "{E9860AB4-3F97-46FC-93AD-D1CD5F7A4ADF}"
EndProject
Project("{9A19103F-16F7-4668-BE54-9A1E7A4F7556}") = "Ndef", "..\Ndef\Ndef.csproj", "{E19C990A-65CF-44F0-97A3-C520679D0957}"
EndProject
Project("{9A19103F-16F7-4668-BE54-9A1E7A4F7556}") = "Helpers", "..\Helpers\Helpers.csproj", "{2C1D838B-E94D-4639-8BD0-E4E579C44B39}"
EndProject
Global
	GlobalSection(SolutionConfigurationPlatforms) = preSolution
		Debug|Any CPU = Debug|Any CPU
		Debug|ARM = Debug|ARM
		Debug|iPhone = Debug|iPhone
		Debug|x64 = Debug|x64
		Debug|x86 = Debug|x86
		Release|Any CPU = Release|Any CPU
		Release|ARM = Release|ARM
		Release|iPhone = Release|iPhone
		Release|x64 = Release|x64
		Release|x86 = Release|x86
	EndGlobalSection
	GlobalSection(ProjectConfigurationPlatforms) = postSolution
		{942482B0-D0EF-40B9-88ED-A703E9A0616A}.Debug|Any CPU.ActiveCfg = Debug|x86
		{942482B0-D0EF-40B9-88ED-A703E9A0616A}.Debug|Any CPU.Build.0 = Debug|x86
		{942482B0-D0EF-40B9-88ED-A703E9A0616A}.Debug|Any CPU.Deploy.0 = Debug|x86
		{942482B0-D0EF-40B9-88ED-A703E9A0616A}.Debug|ARM.ActiveCfg = Debug|ARM
		{942482B0-D0EF-40B9-88ED-A703E9A0616A}.Debug|ARM.Build.0 = Debug|ARM
		{942482B0-D0EF-40B9-88ED-A703E9A0616A}.Debug|ARM.Deploy.0 = Debug|ARM
		{942482B0-D0EF-40B9-88ED-A703E9A0616A}.Debug|iPhone.ActiveCfg = Debug|x86
		{942482B0-D0EF-40B9-88ED-A703E9A0616A}.Debug|iPhone.Build.0 = Debug|x86
		{942482B0-D0EF-40B9-88ED-A703E9A0616A}.Debug|iPhone.Deploy.0 = Debug|x86
		{942482B0-D0EF-40B9-88ED-A703E9A0616A}.Debug|x64.ActiveCfg = Debug|x64
		{942482B0-D0EF-40B9-88ED-A703E9A0616A}.Debug|x64.Build.0 = Debug|x64
		{942482B0-D0EF-40B9-88ED-A703E9A0616A}.Debug|x64.Deploy.0 = Debug|x64
		{942482B0-D0EF-40B9-88ED-A703E9A0616A}.Debug|x86.ActiveCfg = Debug|x86
		{942482B0-D0EF-40B9-88ED-A703E9A0616A}.Debug|x86.Build.0 = Debug|x86
		{942482B0-D0EF-40B9-88ED-A703E9A0616A}.Debug|x86.Deploy.0 = Debug|x86
		{942482B0-D0EF-40B9-88ED-A703E9A0616A}.Release|Any CPU.ActiveCfg = Release|x86
		{942482B0-D0EF-40B9-88ED-A703E9A0616A}.Release|Any CPU.Build.0 = Release|x86
		{942482B0-D0EF-40B9-88ED-A703E9A0616A}.Release|Any CPU.Deploy.0 = Release|x86
		{942482B0-D0EF-40B9-88ED-A703E9A0616A}.Release|ARM.ActiveCfg = Release|ARM
		{942482B0-D0EF-40B9-88ED-A703E9A0616A}.Release|ARM.Build.0 = Release|ARM
		{942482B0-D0EF-40B9-88ED-A703E9A0616A}.Release|ARM.Deploy.0 = Release|ARM
		{942482B0-D0EF-40B9-88ED-A703E9A0616A}.Release|iPhone.ActiveCfg = Release|x86
		{942482B0-D0EF-40B9-88ED-A703E9A0616A}.Release|iPhone.Build.0 = Release|x86
		{942482B0-D0EF-40B9-88ED-A703E9A0616A}.Release|iPhone.Deploy.0 = Release|x86
		{942482B0-D0EF-40B9-88ED-A703E9A0616A}.Release|x64.ActiveCfg = Release|x64
		{942482B0-D0EF-40B9-88ED-A703E9A0616A}.Release|x64.Build.0 = Release|x64
		{942482B0-D0EF-40B9-88ED-A703E9A0616A}.Release|x64.Deploy.0 = Release|x64
		{942482B0-D0EF-40B9-88ED-A703E9A0616A}.Release|x86.ActiveCfg = Release|x86
		{942482B0-D0EF-40B9-88ED-A703E9A0616A}.Release|x86.Build.0 = Release|x86
		{942482B0-D0EF-40B9-88ED-A703E9A0616A}.Release|x86.Deploy.0 = Release|x86
		{7A9F9CC8-341B-49DB-8D62-D036166F2324}.Debug|Any CPU.ActiveCfg = Debug|Any CPU
		{7A9F9CC8-341B-49DB-8D62-D036166F2324}.Debug|Any CPU.Build.0 = Debug|Any CPU
		{7A9F9CC8-341B-49DB-8D62-D036166F2324}.Debug|Any CPU.Deploy.0 = Debug|Any CPU
		{7A9F9CC8-341B-49DB-8D62-D036166F2324}.Debug|ARM.ActiveCfg = Debug|Any CPU
		{7A9F9CC8-341B-49DB-8D62-D036166F2324}.Debug|ARM.Build.0 = Debug|Any CPU
		{7A9F9CC8-341B-49DB-8D62-D036166F2324}.Debug|ARM.Deploy.0 = Debug|Any CPU
		{7A9F9CC8-341B-49DB-8D62-D036166F2324}.Debug|iPhone.ActiveCfg = Debug|Any CPU
		{7A9F9CC8-341B-49DB-8D62-D036166F2324}.Debug|iPhone.Build.0 = Debug|Any CPU
		{7A9F9CC8-341B-49DB-8D62-D036166F2324}.Debug|iPhone.Deploy.0 = Debug|Any CPU
		{7A9F9CC8-341B-49DB-8D62-D036166F2324}.Debug|x64.ActiveCfg = Debug|Any CPU
		{7A9F9CC8-341B-49DB-8D62-D036166F2324}.Debug|x64.Build.0 = Debug|Any CPU
		{7A9F9CC8-341B-49DB-8D62-D036166F2324}.Debug|x64.Deploy.0 = Debug|Any CPU
		{7A9F9CC8-341B-49DB-8D62-D036166F2324}.Debug|x86.ActiveCfg = Debug|Any CPU
		{7A9F9CC8-341B-49DB-8D62-D036166F2324}.Debug|x86.Build.0 = Debug|Any CPU
		{7A9F9CC8-341B-49DB-8D62-D036166F2324}.Debug|x86.Deploy.0 = Debug|Any CPU
		{7A9F9CC8-341B-49DB-8D62-D036166F2324}.Release|Any CPU.ActiveCfg = Release|Any CPU
		{7A9F9CC8-341B-49DB-8D62-D036166F2324}.Release|Any CPU.Build.0 = Release|Any CPU
		{7A9F9CC8-341B-49DB-8D62-D036166F2324}.Release|Any CPU.Deploy.0 = Release|Any CPU
		{7A9F9CC8-341B-49DB-8D62-D036166F2324}.Release|ARM.ActiveCfg = Release|Any CPU
		{7A9F9CC8-341B-49DB-8D62-D036166F2324}.Release|ARM.Build.0 = Release|Any CPU
		{7A9F9CC8-341B-49DB-8D62-D036166F2324}.Release|ARM.Deploy.0 = Release|Any CPU
		{7A9F9CC8-341B-49DB-8D62-D036166F2324}.Release|iPhone.ActiveCfg = Release|Any CPU
		{7A9F9CC8-341B-49DB-8D62-D036166F2324}.Release|iPhone.Build.0 = Release|Any CPU
		{7A9F9CC8-341B-49DB-8D62-D036166F2324}.Release|iPhone.Deploy.0 = Release|Any CPU
		{7A9F9CC8-341B-49DB-8D62-D036166F2324}.Release|x64.ActiveCfg = Release|Any CPU
		{7A9F9CC8-341B-49DB-8D62-D036166F2324}.Release|x64.Build.0 = Release|Any CPU
		{7A9F9CC8-341B-49DB-8D62-D036166F2324}.Release|x64.Deploy.0 = Release|Any CPU
		{7A9F9CC8-341B-49DB-8D62-D036166F2324}.Release|x86.ActiveCfg = Release|Any CPU
		{7A9F9CC8-341B-49DB-8D62-D036166F2324}.Release|x86.Build.0 = Release|Any CPU
		{7A9F9CC8-341B-49DB-8D62-D036166F2324}.Release|x86.Deploy.0 = Release|Any CPU
		{9E5CCCCA-99E7-41C1-B807-8FDF81E62E5D}.Debug|Any CPU.ActiveCfg = Debug|iPhone
		{9E5CCCCA-99E7-41C1-B807-8FDF81E62E5D}.Debug|Any CPU.Build.0 = Debug|iPhone
		{9E5CCCCA-99E7-41C1-B807-8FDF81E62E5D}.Debug|Any CPU.Deploy.0 = Debug|iPhone
		{9E5CCCCA-99E7-41C1-B807-8FDF81E62E5D}.Debug|ARM.ActiveCfg = Debug|iPhone
		{9E5CCCCA-99E7-41C1-B807-8FDF81E62E5D}.Debug|ARM.Build.0 = Debug|iPhone
		{9E5CCCCA-99E7-41C1-B807-8FDF81E62E5D}.Debug|ARM.Deploy.0 = Debug|iPhone
		{9E5CCCCA-99E7-41C1-B807-8FDF81E62E5D}.Debug|iPhone.ActiveCfg = Debug|iPhone
		{9E5CCCCA-99E7-41C1-B807-8FDF81E62E5D}.Debug|iPhone.Build.0 = Debug|iPhone
		{9E5CCCCA-99E7-41C1-B807-8FDF81E62E5D}.Debug|iPhone.Deploy.0 = Debug|iPhone
		{9E5CCCCA-99E7-41C1-B807-8FDF81E62E5D}.Debug|x64.ActiveCfg = Debug|iPhone
		{9E5CCCCA-99E7-41C1-B807-8FDF81E62E5D}.Debug|x64.Build.0 = Debug|iPhone
		{9E5CCCCA-99E7-41C1-B807-8FDF81E62E5D}.Debug|x64.Deploy.0 = Debug|iPhone
		{9E5CCCCA-99E7-41C1-B807-8FDF81E62E5D}.Debug|x86.ActiveCfg = Debug|iPhone
		{9E5CCCCA-99E7-41C1-B807-8FDF81E62E5D}.Debug|x86.Build.0 = Debug|iPhone
		{9E5CCCCA-99E7-41C1-B807-8FDF81E62E5D}.Debug|x86.Deploy.0 = Debug|iPhone
		{9E5CCCCA-99E7-41C1-B807-8FDF81E62E5D}.Release|Any CPU.ActiveCfg = Release|iPhone
		{9E5CCCCA-99E7-41C1-B807-8FDF81E62E5D}.Release|Any CPU.Build.0 = Release|iPhone
		{9E5CCCCA-99E7-41C1-B807-8FDF81E62E5D}.Release|Any CPU.Deploy.0 = Release|iPhone
		{9E5CCCCA-99E7-41C1-B807-8FDF81E62E5D}.Release|ARM.ActiveCfg = Release|iPhone
		{9E5CCCCA-99E7-41C1-B807-8FDF81E62E5D}.Release|ARM.Build.0 = Release|iPhone
		{9E5CCCCA-99E7-41C1-B807-8FDF81E62E5D}.Release|ARM.Deploy.0 = Release|iPhone
		{9E5CCCCA-99E7-41C1-B807-8FDF81E62E5D}.Release|iPhone.ActiveCfg = Release|iPhone
		{9E5CCCCA-99E7-41C1-B807-8FDF81E62E5D}.Release|iPhone.Build.0 = Release|iPhone
		{9E5CCCCA-99E7-41C1-B807-8FDF81E62E5D}.Release|iPhone.Deploy.0 = Release|iPhone
		{9E5CCCCA-99E7-41C1-B807-8FDF81E62E5D}.Release|x64.ActiveCfg = Release|iPhone
		{9E5CCCCA-99E7-41C1-B807-8FDF81E62E5D}.Release|x64.Build.0 = Release|iPhone
		{9E5CCCCA-99E7-41C1-B807-8FDF81E62E5D}.Release|x64.Deploy.0 = Release|iPhone
		{9E5CCCCA-99E7-41C1-B807-8FDF81E62E5D}.Release|x86.ActiveCfg = Release|iPhone
		{9E5CCCCA-99E7-41C1-B807-8FDF81E62E5D}.Release|x86.Build.0 = Release|iPhone
		{9E5CCCCA-99E7-41C1-B807-8FDF81E62E5D}.Release|x86.Deploy.0 = Release|iPhone
		{E9860AB4-3F97-46FC-93AD-D1CD5F7A4ADF}.Debug|Any CPU.ActiveCfg = Debug|Any CPU
		{E9860AB4-3F97-46FC-93AD-D1CD5F7A4ADF}.Debug|Any CPU.Build.0 = Debug|Any CPU
		{E9860AB4-3F97-46FC-93AD-D1CD5F7A4ADF}.Debug|Any CPU.Deploy.0 = Debug|Any CPU
		{E9860AB4-3F97-46FC-93AD-D1CD5F7A4ADF}.Debug|ARM.ActiveCfg = Debug|Any CPU
		{E9860AB4-3F97-46FC-93AD-D1CD5F7A4ADF}.Debug|ARM.Build.0 = Debug|Any CPU
		{E9860AB4-3F97-46FC-93AD-D1CD5F7A4ADF}.Debug|ARM.Deploy.0 = Debug|Any CPU
		{E9860AB4-3F97-46FC-93AD-D1CD5F7A4ADF}.Debug|iPhone.ActiveCfg = Debug|Any CPU
		{E9860AB4-3F97-46FC-93AD-D1CD5F7A4ADF}.Debug|iPhone.Build.0 = Debug|Any CPU
		{E9860AB4-3F97-46FC-93AD-D1CD5F7A4ADF}.Debug|iPhone.Deploy.0 = Debug|Any CPU
		{E9860AB4-3F97-46FC-93AD-D1CD5F7A4ADF}.Debug|x64.ActiveCfg = Debug|Any CPU
		{E9860AB4-3F97-46FC-93AD-D1CD5F7A4ADF}.Debug|x64.Build.0 = Debug|Any CPU
		{E9860AB4-3F97-46FC-93AD-D1CD5F7A4ADF}.Debug|x64.Deploy.0 = Debug|Any CPU
		{E9860AB4-3F97-46FC-93AD-D1CD5F7A4ADF}.Debug|x86.ActiveCfg = Debug|Any CPU
		{E9860AB4-3F97-46FC-93AD-D1CD5F7A4ADF}.Debug|x86.Build.0 = Debug|Any CPU
		{E9860AB4-3F97-46FC-93AD-D1CD5F7A4ADF}.Debug|x86.Deploy.0 = Debug|Any CPU
		{E9860AB4-3F97-46FC-93AD-D1CD5F7A4ADF}.Release|Any CPU.ActiveCfg = Release|Any CPU
		{E9860AB4-3F97-46FC-93AD-D1CD5F7A4ADF}.Release|Any CPU.Build.0 = Release|Any CPU
		{E9860AB4-3F97-46FC-93AD-D1CD5F7A4ADF}.Release|Any CPU.Deploy.0 = Release|Any CPU
		{E9860AB4-3F97-46FC-93AD-D1CD5F7A4ADF}.Release|ARM.ActiveCfg = Release|Any CPU
		{E9860AB4-3F97-46FC-93AD-D1CD5F7A4ADF}.Release|ARM.Build.0 = Release|Any CPU
		{E9860AB4-3F97-46FC-93AD-D1CD5F7A4ADF}.Release|ARM.Deploy.0 = Release|Any CPU
		{E9860AB4-3F97-46FC-93AD-D1CD5F7A4ADF}.Release|iPhone.ActiveCfg = Release|Any CPU
		{E9860AB4-3F97-46FC-93AD-D1CD5F7A4ADF}.Release|iPhone.Build.0 = Release|Any CPU
		{E9860AB4-3F97-46FC-93AD-D1CD5F7A4ADF}.Release|iPhone.Deploy.0 = Release|Any CPU
		{E9860AB4-3F97-46FC-93AD-D1CD5F7A4ADF}.Release|x64.ActiveCfg = Release|Any CPU
		{E9860AB4-3F97-46FC-93AD-D1CD5F7A4ADF}.Release|x64.Build.0 = Release|Any CPU
		{E9860AB4-3F97-46FC-93AD-D1CD5F7A4ADF}.Release|x64.Deploy.0 = Release|Any CPU
		{E9860AB4-3F97-46FC-93AD-D1CD5F7A4ADF}.Release|x86.ActiveCfg = Release|Any CPU
		{E9860AB4-3F97-46FC-93AD-D1CD5F7A4ADF}.Release|x86.Build.0 = Release|Any CPU
		{E9860AB4-3F97-46FC-93AD-D1CD5F7A4ADF}.Release|x86.Deploy.0 = Release|Any CPU
		{E19C990A-65CF-44F0-97A3-C520679D0957}.Debug|Any CPU.ActiveCfg = Debug|Any CPU
		{E19C990A-65CF-44F0-97A3-C520679D0957}.Debug|Any CPU.Build.0 = Debug|Any CPU
		{E19C990A-65CF-44F0-97A3-C520679D0957}.Debug|ARM.ActiveCfg = Debug|Any CPU
		{E19C990A-65CF-44F0-97A3-C520679D0957}.Debug|ARM.Build.0 = Debug|Any CPU
		{E19C990A-65CF-44F0-97A3-C520679D0957}.Debug|iPhone.ActiveCfg = Debug|Any CPU
		{E19C990A-65CF-44F0-97A3-C520679D0957}.Debug|iPhone.Build.0 = Debug|Any CPU
		{E19C990A-65CF-44F0-97A3-C520679D0957}.Debug|x64.ActiveCfg = Debug|Any CPU
		{E19C990A-65CF-44F0-97A3-C520679D0957}.Debug|x64.Build.0 = Debug|Any CPU
		{E19C990A-65CF-44F0-97A3-C520679D0957}.Debug|x86.ActiveCfg = Debug|Any CPU
		{E19C990A-65CF-44F0-97A3-C520679D0957}.Debug|x86.Build.0 = Debug|Any CPU
		{E19C990A-65CF-44F0-97A3-C520679D0957}.Release|Any CPU.ActiveCfg = Release|Any CPU
		{E19C990A-65CF-44F0-97A3-C520679D0957}.Release|Any CPU.Build.0 = Release|Any CPU
		{E19C990A-65CF-44F0-97A3-C520679D0957}.Release|ARM.ActiveCfg = Release|Any CPU
		{E19C990A-65CF-44F0-97A3-C520679D0957}.Release|ARM.Build.0 = Release|Any CPU
		{E19C990A-65CF-44F0-97A3-C520679D0957}.Release|iPhone.ActiveCfg = Release|Any CPU
		{E19C990A-65CF-44F0-97A3-C520679D0957}.Release|iPhone.Build.0 = Release|Any CPU
		{E19C990A-65CF-44F0-97A3-C520679D0957}.Release|x64.ActiveCfg = Release|Any CPU
		{E19C990A-65CF-44F0-97A3-C520679D0957}.Release|x64.Build.0 = Release|Any CPU
		{E19C990A-65CF-44F0-97A3-C520679D0957}.Release|x86.ActiveCfg = Release|Any CPU
		{E19C990A-65CF-44F0-97A3-C520679D0957}.Release|x86.Build.0 = Release|Any CPU
		{2C1D838B-E94D-4639-8BD0-E4E579C44B39}.Debug|Any CPU.ActiveCfg = Debug|Any CPU
		{2C1D838B-E94D-4639-8BD0-E4E579C44B39}.Debug|Any CPU.Build.0 = Debug|Any CPU
		{2C1D838B-E94D-4639-8BD0-E4E579C44B39}.Debug|ARM.ActiveCfg = Debug|Any CPU
		{2C1D838B-E94D-4639-8BD0-E4E579C44B39}.Debug|ARM.Build.0 = Debug|Any CPU
		{2C1D838B-E94D-4639-8BD0-E4E579C44B39}.Debug|iPhone.ActiveCfg = Debug|Any CPU
		{2C1D838B-E94D-4639-8BD0-E4E579C44B39}.Debug|iPhone.Build.0 = Debug|Any CPU
		{2C1D838B-E94D-4639-8BD0-E4E579C44B39}.Debug|x64.ActiveCfg = Debug|Any CPU
		{2C1D838B-E94D-4639-8BD0-E4E579C44B39}.Debug|x64.Build.0 = Debug|Any CPU
		{2C1D838B-E94D-4639-8BD0-E4E579C44B39}.Debug|x86.ActiveCfg = Debug|Any CPU
		{2C1D838B-E94D-4639-8BD0-E4E579C44B39}.Debug|x86.Build.0 = Debug|Any CPU
		{2C1D838B-E94D-4639-8BD0-E4E579C44B39}.Release|Any CPU.ActiveCfg = Release|Any CPU
		{2C1D838B-E94D-4639-8BD0-E4E579C44B39}.Release|Any CPU.Build.0 = Release|Any CPU
		{2C1D838B-E94D-4639-8BD0-E4E579C44B39}.Release|ARM.ActiveCfg = Release|Any CPU
		{2C1D838B-E94D-4639-8BD0-E4E579C44B39}.Release|ARM.Build.0 = Release|Any CPU
		{2C1D838B-E94D-4639-8BD0-E4E579C44B39}.Release|iPhone.ActiveCfg = Release|Any CPU
		{2C1D838B-E94D-4639-8BD0-E4E579C44B39}.Release|iPhone.Build.0 = Release|Any CPU
		{2C1D838B-E94D-4639-8BD0-E4E579C44B39}.Release|x64.ActiveCfg = Release|Any CPU
		{2C1D838B-E94D-4639-8BD0-E4E579C44B39}.Release|x64.Build.0 = Release|Any CPU
		{2C1D838B-E94D-4639-8BD0-E4E579C44B39}.Release|x86.ActiveCfg = Release|Any CPU
		{2C1D838B-E94D-4639-8BD0-E4E579C44B39}.Release|x86.Build.0 = Release|Any CPU
	EndGlobalSection
	GlobalSection(SolutionProperties) = preSolution
		HideSolutionNode = FALSE
	EndGlobalSection
	GlobalSection(ExtensibilityGlobals) = postSolution
		SolutionGuid = {71BAED86-8DCC-40B9-B1E2-E20E162F725A}
	EndGlobalSection
	GlobalSection(MonoDevelopProperties) = preSolution
		version = 5
	EndGlobalSection
EndGlobal
